
Microsoft Visual Studio Solution File, Format Version 12.00
# Visual Studio Version 17
VisualStudioVersion = 17.12.35527.113 d17.12
MinimumVisualStudioVersion = 10.0.40219.1
Project("{FAE04EC0-301F-11D3-BF4B-00C04F79EFBC}") = "ReadingWebsite", "ReadingWebsite\ReadingWebsite.csproj", "{618707FE-1CE6-4841-9873-BF053E490F3A}"
EndProject
Project("{FAE04EC0-301F-11D3-BF4B-00C04F79EFBC}") = "ReadingService", "ReadingService\ReadingService.csproj", "{C364E532-35A9-4E59-8537-3CE9451E7ED3}"
EndProject
Global
	GlobalSection(SolutionConfigurationPlatforms) = preSolution
		Debug|Any CPU = Debug|Any CPU
		Release|Any CPU = Release|Any CPU
	EndGlobalSection
	GlobalSection(ProjectConfigurationPlatforms) = postSolution
		{618707FE-1CE6-4841-9873-BF053E490F3A}.Debug|Any CPU.ActiveCfg = Debug|Any CPU
		{618707FE-1CE6-4841-9873-BF053E490F3A}.Debug|Any CPU.Build.0 = Debug|Any CPU
		{618707FE-1CE6-4841-9873-BF053E490F3A}.Release|Any CPU.ActiveCfg = Release|Any CPU
		{618707FE-1CE6-4841-9873-BF053E490F3A}.Release|Any CPU.Build.0 = Release|Any CPU
		{C364E532-35A9-4E59-8537-3CE9451E7ED3}.Debug|Any CPU.ActiveCfg = Debug|Any CPU
		{C364E532-35A9-4E59-8537-3CE9451E7ED3}.Debug|Any CPU.Build.0 = Debug|Any CPU
		{C364E532-35A9-4E59-8537-3CE9451E7ED3}.Release|Any CPU.ActiveCfg = Release|Any CPU
		{C364E532-35A9-4E59-8537-3CE9451E7ED3}.Release|Any CPU.Build.0 = Release|Any CPU
	EndGlobalSection
	GlobalSection(SolutionProperties) = preSolution
		HideSolutionNode = FALSE
	EndGlobalSection
EndGlobal
